
Microsoft Visual Studio Solution File, Format Version 12.00
Project("{FAE04EC0-301F-11D3-BF4B-00C04F79EFBC}") = "Lab1", "Lab1\Lab1.csproj", "{D9140B8D-4585-4923-9FA5-4404ACD27A96}"
	ProjectSection(ProjectDependencies) = postProject
		{D12A97C8-37DC-48C4-B4BD-4815ABC18D06} = {D12A97C8-37DC-48C4-B4BD-4815ABC18D06}
	EndProjectSection
EndProject
Project("{FAE04EC0-301F-11D3-BF4B-00C04F79EFBC}") = "TwoDArrOps", "TwoDArrOps\TwoDArrOps.csproj", "{D12A97C8-37DC-48C4-B4BD-4815ABC18D06}"
EndProject
Global
	GlobalSection(SolutionConfigurationPlatforms) = preSolution
		Debug|Any CPU = Debug|Any CPU
		Release|Any CPU = Release|Any CPU
	EndGlobalSection
	GlobalSection(ProjectConfigurationPlatforms) = postSolution
		{D9140B8D-4585-4923-9FA5-4404ACD27A96}.Debug|Any CPU.ActiveCfg = Debug|Any CPU
		{D9140B8D-4585-4923-9FA5-4404ACD27A96}.Debug|Any CPU.Build.0 = Debug|Any CPU
		{D9140B8D-4585-4923-9FA5-4404ACD27A96}.Release|Any CPU.ActiveCfg = Release|Any CPU
		{D9140B8D-4585-4923-9FA5-4404ACD27A96}.Release|Any CPU.Build.0 = Release|Any CPU
		{D12A97C8-37DC-48C4-B4BD-4815ABC18D06}.Debug|Any CPU.ActiveCfg = Debug|Any CPU
		{D12A97C8-37DC-48C4-B4BD-4815ABC18D06}.Debug|Any CPU.Build.0 = Debug|Any CPU
		{D12A97C8-37DC-48C4-B4BD-4815ABC18D06}.Release|Any CPU.ActiveCfg = Release|Any CPU
		{D12A97C8-37DC-48C4-B4BD-4815ABC18D06}.Release|Any CPU.Build.0 = Release|Any CPU
	EndGlobalSection
EndGlobal
